
Microsoft Visual Studio Solution File, Format Version 12.00
# Visual Studio Version 16
VisualStudioVersion = 16.0.31005.135
MinimumVisualStudioVersion = 10.0.40219.1
Project("{FAE04EC0-301F-11D3-BF4B-00C04F79EFBC}") = "SparkAuto", "SparkAuto\SparkAuto.csproj", "{C7883368-B6BA-4011-BC67-231A53BE6884}"
EndProject
Global
	GlobalSection(SolutionConfigurationPlatforms) = preSolution
		Debug|Any CPU = Debug|Any CPU
		Release|Any CPU = Release|Any CPU
	EndGlobalSection
	GlobalSection(ProjectConfigurationPlatforms) = postSolution
		{C7883368-B6BA-4011-BC67-231A53BE6884}.Debug|Any CPU.ActiveCfg = Debug|Any CPU
		{C7883368-B6BA-4011-BC67-231A53BE6884}.Debug|Any CPU.Build.0 = Debug|Any CPU
		{C7883368-B6BA-4011-BC67-231A53BE6884}.Release|Any CPU.ActiveCfg = Release|Any CPU
		{C7883368-B6BA-4011-BC67-231A53BE6884}.Release|Any CPU.Build.0 = Release|Any CPU
	EndGlobalSection
	GlobalSection(SolutionProperties) = preSolution
		HideSolutionNode = FALSE
	EndGlobalSection
	GlobalSection(ExtensibilityGlobals) = postSolution
		SolutionGuid = {6E59B4C9-4CAE-485D-AAA2-9182CF90FAB3}
	EndGlobalSection
EndGlobal
